
Microsoft Visual Studio Solution File, Format Version 12.00
# Visual Studio Version 17
VisualStudioVersion = 17.11.35219.272
MinimumVisualStudioVersion = 10.0.40219.1
Project("{FAE04EC0-301F-11D3-BF4B-00C04F79EFBC}") = "Week7Lab1", "WpfApp1\Week7Lab1.csproj", "{9AEAD21C-CCAB-480C-9E34-4B6226F1DD02}"
EndProject
Global
	GlobalSection(SolutionConfigurationPlatforms) = preSolution
		Debug|Any CPU = Debug|Any CPU
		Release|Any CPU = Release|Any CPU
	EndGlobalSection
	GlobalSection(ProjectConfigurationPlatforms) = postSolution
		{9AEAD21C-CCAB-480C-9E34-4B6226F1DD02}.Debug|Any CPU.ActiveCfg = Debug|Any CPU
		{9AEAD21C-CCAB-480C-9E34-4B6226F1DD02}.Debug|Any CPU.Build.0 = Debug|Any CPU
		{9AEAD21C-CCAB-480C-9E34-4B6226F1DD02}.Release|Any CPU.ActiveCfg = Release|Any CPU
		{9AEAD21C-CCAB-480C-9E34-4B6226F1DD02}.Release|Any CPU.Build.0 = Release|Any CPU
	EndGlobalSection
	GlobalSection(SolutionProperties) = preSolution
		HideSolutionNode = FALSE
	EndGlobalSection
	GlobalSection(ExtensibilityGlobals) = postSolution
		SolutionGuid = {64AE33C6-D326-4DF1-B176-933A0E55372F}
	EndGlobalSection
EndGlobal
