
Microsoft Visual Studio Solution File, Format Version 12.00
# Visual Studio Version 17
VisualStudioVersion = 17.11.35219.272
MinimumVisualStudioVersion = 10.0.40219.1
Project("{FAE04EC0-301F-11D3-BF4B-00C04F79EFBC}") = "Problem1", "Problem1\Problem1.csproj", "{C55C1FEF-7100-42F6-BFD6-1AA9CA6AE291}"
EndProject
Project("{FAE04EC0-301F-11D3-BF4B-00C04F79EFBC}") = "Problem2", "Problem2\Problem2.csproj", "{4EFEF271-D4E4-4080-9FE7-3FCF98E0AE08}"
EndProject
Global
	GlobalSection(SolutionConfigurationPlatforms) = preSolution
		Debug|Any CPU = Debug|Any CPU
		Release|Any CPU = Release|Any CPU
	EndGlobalSection
	GlobalSection(ProjectConfigurationPlatforms) = postSolution
		{C55C1FEF-7100-42F6-BFD6-1AA9CA6AE291}.Debug|Any CPU.ActiveCfg = Debug|Any CPU
		{C55C1FEF-7100-42F6-BFD6-1AA9CA6AE291}.Debug|Any CPU.Build.0 = Debug|Any CPU
		{C55C1FEF-7100-42F6-BFD6-1AA9CA6AE291}.Release|Any CPU.ActiveCfg = Release|Any CPU
		{C55C1FEF-7100-42F6-BFD6-1AA9CA6AE291}.Release|Any CPU.Build.0 = Release|Any CPU
		{4EFEF271-D4E4-4080-9FE7-3FCF98E0AE08}.Debug|Any CPU.ActiveCfg = Debug|Any CPU
		{4EFEF271-D4E4-4080-9FE7-3FCF98E0AE08}.Debug|Any CPU.Build.0 = Debug|Any CPU
		{4EFEF271-D4E4-4080-9FE7-3FCF98E0AE08}.Release|Any CPU.ActiveCfg = Release|Any CPU
		{4EFEF271-D4E4-4080-9FE7-3FCF98E0AE08}.Release|Any CPU.Build.0 = Release|Any CPU
	EndGlobalSection
	GlobalSection(SolutionProperties) = preSolution
		HideSolutionNode = FALSE
	EndGlobalSection
	GlobalSection(ExtensibilityGlobals) = postSolution
		SolutionGuid = {83BB7947-1F54-480D-A2BF-8FED1CA56D57}
	EndGlobalSection
EndGlobal
