
Microsoft Visual Studio Solution File, Format Version 12.00
# Visual Studio Version 17
VisualStudioVersion = 17.11.35219.272
MinimumVisualStudioVersion = 10.0.40219.1
Project("{FAE04EC0-301F-11D3-BF4B-00C04F79EFBC}") = "Week12Lab", "Week12Lab\Week12Lab.csproj", "{718EE0F3-719B-4BB9-8745-BE3C8F0B033B}"
EndProject
Global
	GlobalSection(SolutionConfigurationPlatforms) = preSolution
		Debug|Any CPU = Debug|Any CPU
		Release|Any CPU = Release|Any CPU
	EndGlobalSection
	GlobalSection(ProjectConfigurationPlatforms) = postSolution
		{718EE0F3-719B-4BB9-8745-BE3C8F0B033B}.Debug|Any CPU.ActiveCfg = Debug|Any CPU
		{718EE0F3-719B-4BB9-8745-BE3C8F0B033B}.Debug|Any CPU.Build.0 = Debug|Any CPU
		{718EE0F3-719B-4BB9-8745-BE3C8F0B033B}.Release|Any CPU.ActiveCfg = Release|Any CPU
		{718EE0F3-719B-4BB9-8745-BE3C8F0B033B}.Release|Any CPU.Build.0 = Release|Any CPU
	EndGlobalSection
	GlobalSection(SolutionProperties) = preSolution
		HideSolutionNode = FALSE
	EndGlobalSection
	GlobalSection(ExtensibilityGlobals) = postSolution
		SolutionGuid = {75A4CCA8-A7B8-45C0-BEF2-B92DEE69E59C}
	EndGlobalSection
EndGlobal
