
Microsoft Visual Studio Solution File, Format Version 12.00
# Visual Studio Version 17
VisualStudioVersion = 17.11.35219.272
MinimumVisualStudioVersion = 10.0.40219.1
Project("{FAE04EC0-301F-11D3-BF4B-00C04F79EFBC}") = "Week9Lab1", "Week9Lab1\Week9Lab1.csproj", "{1519C5C7-D44C-4982-867E-8801CE61CB4E}"
EndProject
Global
	GlobalSection(SolutionConfigurationPlatforms) = preSolution
		Debug|Any CPU = Debug|Any CPU
		Release|Any CPU = Release|Any CPU
	EndGlobalSection
	GlobalSection(ProjectConfigurationPlatforms) = postSolution
		{1519C5C7-D44C-4982-867E-8801CE61CB4E}.Debug|Any CPU.ActiveCfg = Debug|Any CPU
		{1519C5C7-D44C-4982-867E-8801CE61CB4E}.Debug|Any CPU.Build.0 = Debug|Any CPU
		{1519C5C7-D44C-4982-867E-8801CE61CB4E}.Release|Any CPU.ActiveCfg = Release|Any CPU
		{1519C5C7-D44C-4982-867E-8801CE61CB4E}.Release|Any CPU.Build.0 = Release|Any CPU
	EndGlobalSection
	GlobalSection(SolutionProperties) = preSolution
		HideSolutionNode = FALSE
	EndGlobalSection
	GlobalSection(ExtensibilityGlobals) = postSolution
		SolutionGuid = {657D2F20-362F-465A-99B1-FD8885E9FEDE}
	EndGlobalSection
EndGlobal
